
Microsoft Visual Studio Solution File, Format Version 12.00
# Visual Studio Version 17
VisualStudioVersion = 17.8.34525.116
MinimumVisualStudioVersion = 10.0.40219.1
Project("{FAE04EC0-301F-11D3-BF4B-00C04F79EFBC}") = "CatFact", "CatFact\CatFact.csproj", "{DC5C3A08-C1F5-417C-B344-3D5A97F7B5E8}"
EndProject
Global
	GlobalSection(SolutionConfigurationPlatforms) = preSolution
		Debug|Any CPU = Debug|Any CPU
		Release|Any CPU = Release|Any CPU
	EndGlobalSection
	GlobalSection(ProjectConfigurationPlatforms) = postSolution
		{DC5C3A08-C1F5-417C-B344-3D5A97F7B5E8}.Debug|Any CPU.ActiveCfg = Debug|Any CPU
		{DC5C3A08-C1F5-417C-B344-3D5A97F7B5E8}.Debug|Any CPU.Build.0 = Debug|Any CPU
		{DC5C3A08-C1F5-417C-B344-3D5A97F7B5E8}.Release|Any CPU.ActiveCfg = Release|Any CPU
		{DC5C3A08-C1F5-417C-B344-3D5A97F7B5E8}.Release|Any CPU.Build.0 = Release|Any CPU
	EndGlobalSection
	GlobalSection(SolutionProperties) = preSolution
		HideSolutionNode = FALSE
	EndGlobalSection
	GlobalSection(ExtensibilityGlobals) = postSolution
		SolutionGuid = {739358E8-774D-41EF-929B-2D869BD11E69}
	EndGlobalSection
EndGlobal
